
Microsoft Visual Studio Solution File, Format Version 12.00
# Visual Studio 15
Project("{FAE04EC0-301F-11D3-BF4B-00C04F79EFBC}") = "Assembly-CSharp", "Assembly-CSharp.csproj", "{87AA3455-2740-E65E-754A-DB9B5940804D}"
EndProject
Project("{FAE04EC0-301F-11D3-BF4B-00C04F79EFBC}") = "Assembly-CSharp-Editor", "Assembly-CSharp-Editor.csproj", "{E85164FB-8434-9B4D-A21D-CACC71F432F5}"
EndProject
Global
	GlobalSection(SolutionConfigurationPlatforms) = preSolution
		Debug|Any CPU = Debug|Any CPU
		Release|Any CPU = Release|Any CPU
	EndGlobalSection
	GlobalSection(ProjectConfigurationPlatforms) = postSolution
		{87AA3455-2740-E65E-754A-DB9B5940804D}.Debug|Any CPU.ActiveCfg = Debug|Any CPU
		{87AA3455-2740-E65E-754A-DB9B5940804D}.Debug|Any CPU.Build.0 = Debug|Any CPU
		{87AA3455-2740-E65E-754A-DB9B5940804D}.Release|Any CPU.ActiveCfg = Release|Any CPU
		{87AA3455-2740-E65E-754A-DB9B5940804D}.Release|Any CPU.Build.0 = Release|Any CPU
		{E85164FB-8434-9B4D-A21D-CACC71F432F5}.Debug|Any CPU.ActiveCfg = Debug|Any CPU
		{E85164FB-8434-9B4D-A21D-CACC71F432F5}.Debug|Any CPU.Build.0 = Debug|Any CPU
		{E85164FB-8434-9B4D-A21D-CACC71F432F5}.Release|Any CPU.ActiveCfg = Release|Any CPU
		{E85164FB-8434-9B4D-A21D-CACC71F432F5}.Release|Any CPU.Build.0 = Release|Any CPU
	EndGlobalSection
	GlobalSection(SolutionProperties) = preSolution
		HideSolutionNode = FALSE
	EndGlobalSection
EndGlobal
